// !$*UTF8*$!
{
	archiveVersion = 1;
	classes = {
	};
	objectVersion = 50;
	objects = {

/* Begin PBXBuildFile section */
		700D61EF2465699A00BCC632 /* CarouselViewTesf.swift in Sources */ = {isa = PBXBuildFile; fileRef = 700D61EE2465699A00BCC632 /* CarouselViewTesf.swift */; };
		700D82992444D8C4001CFDDB /* IconButton.swift in Sources */ = {isa = PBXBuildFile; fileRef = 700D82982444D8C4001CFDDB /* IconButton.swift */; };
		700F201E242A647B00382533 /* TrailerPlayer.swift in Sources */ = {isa = PBXBuildFile; fileRef = 700F201D242A647B00382533 /* TrailerPlayer.swift */; };
		7019ABFB2347E73F00F5EF15 /* AppDelegate.swift in Sources */ = {isa = PBXBuildFile; fileRef = 7019ABFA2347E73F00F5EF15 /* AppDelegate.swift */; };
		7019ABFD2347E73F00F5EF15 /* SceneDelegate.swift in Sources */ = {isa = PBXBuildFile; fileRef = 7019ABFC2347E73F00F5EF15 /* SceneDelegate.swift */; };
		7019AC002347E73F00F5EF15 /* fonrose_ecommerceV2.xcdatamodeld in Sources */ = {isa = PBXBuildFile; fileRef = 7019ABFE2347E73F00F5EF15 /* fonrose_ecommerceV2.xcdatamodeld */; };
		7019AC042347E74100F5EF15 /* Assets.xcassets in Resources */ = {isa = PBXBuildFile; fileRef = 7019AC032347E74100F5EF15 /* Assets.xcassets */; };
		7019AC072347E74100F5EF15 /* Preview Assets.xcassets in Resources */ = {isa = PBXBuildFile; fileRef = 7019AC062347E74100F5EF15 /* Preview Assets.xcassets */; };
		7019AC0A2347E74100F5EF15 /* LaunchScreen.storyboard in Resources */ = {isa = PBXBuildFile; fileRef = 7019AC082347E74100F5EF15 /* LaunchScreen.storyboard */; };
		701C83712365DEB2007AF339 /* DressPictures.swift in Sources */ = {isa = PBXBuildFile; fileRef = 701C83702365DEB2007AF339 /* DressPictures.swift */; };
		701C837C23660B97007AF339 /* data.swift in Sources */ = {isa = PBXBuildFile; fileRef = 701C837B23660B97007AF339 /* data.swift */; };
		701C83AF23672284007AF339 /* PostView.swift in Sources */ = {isa = PBXBuildFile; fileRef = 701C83AE23672284007AF339 /* PostView.swift */; };
		701F4C37245493CF009EB8B9 /* Mensurations.swift in Sources */ = {isa = PBXBuildFile; fileRef = 701F4C36245493CF009EB8B9 /* Mensurations.swift */; };
		701FE113245722E600E91EFA /* CarouselView.swift in Sources */ = {isa = PBXBuildFile; fileRef = 701FE112245722E600E91EFA /* CarouselView.swift */; };
		701FE11524587AB600E91EFA /* MeasurementInfos.swift in Sources */ = {isa = PBXBuildFile; fileRef = 701FE11424587AB600E91EFA /* MeasurementInfos.swift */; };
		70295CB8246049A800BE8D33 /* UserData.swift in Sources */ = {isa = PBXBuildFile; fileRef = 70295CB7246049A800BE8D33 /* UserData.swift */; };
		7031EF9727F04C27009CA3A2 /* LocationHome.swift in Sources */ = {isa = PBXBuildFile; fileRef = 7031EF9627F04C27009CA3A2 /* LocationHome.swift */; };
		7031EF9A27F04C9E009CA3A2 /* LocationMapView.swift in Sources */ = {isa = PBXBuildFile; fileRef = 7031EF9927F04C9E009CA3A2 /* LocationMapView.swift */; };
		7031EF9C27F04E07009CA3A2 /* MapViewModel.swift in Sources */ = {isa = PBXBuildFile; fileRef = 7031EF9B27F04E07009CA3A2 /* MapViewModel.swift */; };
		703C28AF27E755BC00DE8B3B /* Binding-test1.swift in Sources */ = {isa = PBXBuildFile; fileRef = 703C28AE27E755BC00DE8B3B /* Binding-test1.swift */; };
		7045357C24770D84001F20A8 /* AboutUs.swift in Sources */ = {isa = PBXBuildFile; fileRef = 7045357B24770D84001F20A8 /* AboutUs.swift */; };
		7045357E2477BB29001F20A8 /* BigModel.swift in Sources */ = {isa = PBXBuildFile; fileRef = 7045357D2477BB29001F20A8 /* BigModel.swift */; };
		704535802477BB8F001F20A8 /* ViewEnum.swift in Sources */ = {isa = PBXBuildFile; fileRef = 7045357F2477BB8F001F20A8 /* ViewEnum.swift */; };
		704535822477BD85001F20A8 /* BigRootView.swift in Sources */ = {isa = PBXBuildFile; fileRef = 704535812477BD85001F20A8 /* BigRootView.swift */; };
		704D2198245B377500D0B13F /* SANDBOX_textField.swift in Sources */ = {isa = PBXBuildFile; fileRef = 704D2197245B377500D0B13F /* SANDBOX_textField.swift */; };
		7053C99D2464420300DF1E0C /* LogInScreen.swift in Sources */ = {isa = PBXBuildFile; fileRef = 7053C99C2464420300DF1E0C /* LogInScreen.swift */; };
		705ABCF1243F983900D47D6C /* SuiviDeCommande.swift in Sources */ = {isa = PBXBuildFile; fileRef = 705ABCF0243F983900D47D6C /* SuiviDeCommande.swift */; };
		705ABCF3243F988100D47D6C /* dataSuivi.swift in Sources */ = {isa = PBXBuildFile; fileRef = 705ABCF2243F988100D47D6C /* dataSuivi.swift */; };
		708F28AF246805A0005BFE7C /* PaymentScreen.swift in Sources */ = {isa = PBXBuildFile; fileRef = 708F28AE246805A0005BFE7C /* PaymentScreen.swift */; };
		708F28B124680AB4005BFE7C /* FinDeCommande.swift in Sources */ = {isa = PBXBuildFile; fileRef = 708F28B024680AB4005BFE7C /* FinDeCommande.swift */; };
		70AB2A4A235CB2C3004856D7 /* homeFeed.swift in Sources */ = {isa = PBXBuildFile; fileRef = 70AB2A49235CB2C3004856D7 /* homeFeed.swift */; };
		70AB2A5A235F2A3C004856D7 /* IMG_0247.mp4 in Resources */ = {isa = PBXBuildFile; fileRef = 70AB2A57235F2894004856D7 /* IMG_0247.mp4 */; };
		70B97A4B2467646100E5E1A3 /* RecapMensurations.swift in Sources */ = {isa = PBXBuildFile; fileRef = 70B97A4A2467646100E5E1A3 /* RecapMensurations.swift */; };
		70B9B1842566C64E00317086 /* test-binding.swift in Sources */ = {isa = PBXBuildFile; fileRef = 70B9B1832566C64E00317086 /* test-binding.swift */; };
		70BB819A246D7EC500695F19 /* About_us.swift in Sources */ = {isa = PBXBuildFile; fileRef = 70BB8199246D7EC500695F19 /* About_us.swift */; };
		70C410C0247C6CD90059E0CF /* SuiviStatusEnum.swift in Sources */ = {isa = PBXBuildFile; fileRef = 70C410BF247C6CD90059E0CF /* SuiviStatusEnum.swift */; };
		70CDA5E9244B77DB0080B47C /* ServiceClientInfos.swift in Sources */ = {isa = PBXBuildFile; fileRef = 70CDA5E8244B77DB0080B47C /* ServiceClientInfos.swift */; };
		70D4E45224608458002B2BE8 /* player2.swift in Sources */ = {isa = PBXBuildFile; fileRef = 70D4E45124608458002B2BE8 /* player2.swift */; };
		70D9AC892423CDB9009B7EC3 /* PostStack.swift in Sources */ = {isa = PBXBuildFile; fileRef = 70D9AC882423CDB9009B7EC3 /* PostStack.swift */; };
		70E599352472C6B600F84295 /* MeasurementValue.swift in Sources */ = {isa = PBXBuildFile; fileRef = 70E599342472C6B600F84295 /* MeasurementValue.swift */; };
/* End PBXBuildFile section */

/* Begin PBXFileReference section */
		700D61EE2465699A00BCC632 /* CarouselViewTesf.swift */ = {isa = PBXFileReference; lastKnownFileType = sourcecode.swift; path = CarouselViewTesf.swift; sourceTree = "<group>"; };
		700D82982444D8C4001CFDDB /* IconButton.swift */ = {isa = PBXFileReference; lastKnownFileType = sourcecode.swift; path = IconButton.swift; sourceTree = "<group>"; };
		700F201D242A647B00382533 /* TrailerPlayer.swift */ = {isa = PBXFileReference; lastKnownFileType = sourcecode.swift; path = TrailerPlayer.swift; sourceTree = "<group>"; };
		7019ABF72347E73F00F5EF15 /* fonrose-ecommerceV2.app */ = {isa = PBXFileReference; explicitFileType = wrapper.application; includeInIndex = 0; path = "fonrose-ecommerceV2.app"; sourceTree = BUILT_PRODUCTS_DIR; };
		7019ABFA2347E73F00F5EF15 /* AppDelegate.swift */ = {isa = PBXFileReference; lastKnownFileType = sourcecode.swift; path = AppDelegate.swift; sourceTree = "<group>"; };
		7019ABFC2347E73F00F5EF15 /* SceneDelegate.swift */ = {isa = PBXFileReference; lastKnownFileType = sourcecode.swift; path = SceneDelegate.swift; sourceTree = "<group>"; };
		7019ABFF2347E73F00F5EF15 /* fonrose_ecommerceV2.xcdatamodel */ = {isa = PBXFileReference; lastKnownFileType = wrapper.xcdatamodel; path = fonrose_ecommerceV2.xcdatamodel; sourceTree = "<group>"; };
		7019AC032347E74100F5EF15 /* Assets.xcassets */ = {isa = PBXFileReference; lastKnownFileType = folder.assetcatalog; path = Assets.xcassets; sourceTree = "<group>"; };
		7019AC062347E74100F5EF15 /* Preview Assets.xcassets */ = {isa = PBXFileReference; lastKnownFileType = folder.assetcatalog; path = "Preview Assets.xcassets"; sourceTree = "<group>"; };
		7019AC092347E74100F5EF15 /* Base */ = {isa = PBXFileReference; lastKnownFileType = file.storyboard; name = Base; path = Base.lproj/LaunchScreen.storyboard; sourceTree = "<group>"; };
		7019AC0B2347E74100F5EF15 /* Info.plist */ = {isa = PBXFileReference; lastKnownFileType = text.plist.xml; path = Info.plist; sourceTree = "<group>"; };
		701C83702365DEB2007AF339 /* DressPictures.swift */ = {isa = PBXFileReference; lastKnownFileType = sourcecode.swift; path = DressPictures.swift; sourceTree = "<group>"; };
		701C837B23660B97007AF339 /* data.swift */ = {isa = PBXFileReference; lastKnownFileType = sourcecode.swift; path = data.swift; sourceTree = "<group>"; };
		701C83AE23672284007AF339 /* PostView.swift */ = {isa = PBXFileReference; lastKnownFileType = sourcecode.swift; path = PostView.swift; sourceTree = "<group>"; };
		701F4C36245493CF009EB8B9 /* Mensurations.swift */ = {isa = PBXFileReference; lastKnownFileType = sourcecode.swift; path = Mensurations.swift; sourceTree = "<group>"; };
		701FE112245722E600E91EFA /* CarouselView.swift */ = {isa = PBXFileReference; lastKnownFileType = sourcecode.swift; path = CarouselView.swift; sourceTree = "<group>"; };
		701FE11424587AB600E91EFA /* MeasurementInfos.swift */ = {isa = PBXFileReference; lastKnownFileType = sourcecode.swift; path = MeasurementInfos.swift; sourceTree = "<group>"; };
		70295CB7246049A800BE8D33 /* UserData.swift */ = {isa = PBXFileReference; lastKnownFileType = sourcecode.swift; path = UserData.swift; sourceTree = "<group>"; };
		7031EF9627F04C27009CA3A2 /* LocationHome.swift */ = {isa = PBXFileReference; lastKnownFileType = sourcecode.swift; path = LocationHome.swift; sourceTree = "<group>"; };
		7031EF9927F04C9E009CA3A2 /* LocationMapView.swift */ = {isa = PBXFileReference; lastKnownFileType = sourcecode.swift; path = LocationMapView.swift; sourceTree = "<group>"; };
		7031EF9B27F04E07009CA3A2 /* MapViewModel.swift */ = {isa = PBXFileReference; lastKnownFileType = sourcecode.swift; path = MapViewModel.swift; sourceTree = "<group>"; };
		703C28AE27E755BC00DE8B3B /* Binding-test1.swift */ = {isa = PBXFileReference; lastKnownFileType = sourcecode.swift; path = "Binding-test1.swift"; sourceTree = "<group>"; };
		7045357B24770D84001F20A8 /* AboutUs.swift */ = {isa = PBXFileReference; lastKnownFileType = sourcecode.swift; path = AboutUs.swift; sourceTree = "<group>"; };
		7045357D2477BB29001F20A8 /* BigModel.swift */ = {isa = PBXFileReference; lastKnownFileType = sourcecode.swift; path = BigModel.swift; sourceTree = "<group>"; };
		7045357F2477BB8F001F20A8 /* ViewEnum.swift */ = {isa = PBXFileReference; lastKnownFileType = sourcecode.swift; path = ViewEnum.swift; sourceTree = "<group>"; };
		704535812477BD85001F20A8 /* BigRootView.swift */ = {isa = PBXFileReference; lastKnownFileType = sourcecode.swift; path = BigRootView.swift; sourceTree = "<group>"; };
		704D2197245B377500D0B13F /* SANDBOX_textField.swift */ = {isa = PBXFileReference; lastKnownFileType = sourcecode.swift; path = SANDBOX_textField.swift; sourceTree = "<group>"; };
		7053C99C2464420300DF1E0C /* LogInScreen.swift */ = {isa = PBXFileReference; lastKnownFileType = sourcecode.swift; path = LogInScreen.swift; sourceTree = "<group>"; };
		705ABCF0243F983900D47D6C /* SuiviDeCommande.swift */ = {isa = PBXFileReference; lastKnownFileType = sourcecode.swift; path = SuiviDeCommande.swift; sourceTree = "<group>"; };
		705ABCF2243F988100D47D6C /* dataSuivi.swift */ = {isa = PBXFileReference; lastKnownFileType = sourcecode.swift; path = dataSuivi.swift; sourceTree = "<group>"; };
		708F28AE246805A0005BFE7C /* PaymentScreen.swift */ = {isa = PBXFileReference; lastKnownFileType = sourcecode.swift; path = PaymentScreen.swift; sourceTree = "<group>"; };
		708F28B024680AB4005BFE7C /* FinDeCommande.swift */ = {isa = PBXFileReference; lastKnownFileType = sourcecode.swift; path = FinDeCommande.swift; sourceTree = "<group>"; };
		70AB2A49235CB2C3004856D7 /* homeFeed.swift */ = {isa = PBXFileReference; lastKnownFileType = sourcecode.swift; path = homeFeed.swift; sourceTree = "<group>"; };
		70AB2A57235F2894004856D7 /* IMG_0247.mp4 */ = {isa = PBXFileReference; lastKnownFileType = file; path = IMG_0247.mp4; sourceTree = "<group>"; };
		70B97A4A2467646100E5E1A3 /* RecapMensurations.swift */ = {isa = PBXFileReference; lastKnownFileType = sourcecode.swift; path = RecapMensurations.swift; sourceTree = "<group>"; };
		70B9B1832566C64E00317086 /* test-binding.swift */ = {isa = PBXFileReference; lastKnownFileType = sourcecode.swift; path = "test-binding.swift"; sourceTree = "<group>"; };
		70BB8199246D7EC500695F19 /* About_us.swift */ = {isa = PBXFileReference; lastKnownFileType = sourcecode.swift; path = About_us.swift; sourceTree = "<group>"; };
		70C410BF247C6CD90059E0CF /* SuiviStatusEnum.swift */ = {isa = PBXFileReference; lastKnownFileType = sourcecode.swift; path = SuiviStatusEnum.swift; sourceTree = "<group>"; };
		70CB0995248262EA00D9BC7D /* BTB-9-2019-2.mov */ = {isa = PBXFileReference; lastKnownFileType = video.quicktime; path = "BTB-9-2019-2.mov"; sourceTree = "<group>"; };
		70CB09962482631800D9BC7D /* COMMENT PRENDRE SES MESURES- pt2 🌶.mov */ = {isa = PBXFileReference; lastKnownFileType = video.quicktime; path = "COMMENT PRENDRE SES MESURES- pt2 🌶.mov"; sourceTree = "<group>"; };
		70CB09982482631800D9BC7D /* COMMENT PRENDRE SES MESURES- pt2 🌶.mov */ = {isa = PBXFileReference; lastKnownFileType = video.quicktime; name = "COMMENT PRENDRE SES MESURES- pt2 🌶.mov"; path = "../../../../Trailers🌋/CPSM - final version/EXPORTS MOV/COMMENT PRENDRE SES MESURES- pt2 🌶.mov"; sourceTree = "<group>"; };
		70CB09992482631900D9BC7D /* COMMENT PRENDRE SES MESURES- pt2 🌶.mov */ = {isa = PBXFileReference; lastKnownFileType = video.quicktime; name = "COMMENT PRENDRE SES MESURES- pt2 🌶.mov"; path = "../../../../Trailers🌋/CPSM - final version/EXPORTS MOV/COMMENT PRENDRE SES MESURES- pt2 🌶.mov"; sourceTree = "<group>"; };
		70CB099B2482631900D9BC7D /* BTB-9-2019-2.mov */ = {isa = PBXFileReference; lastKnownFileType = video.quicktime; name = "BTB-9-2019-2.mov"; path = "../../../../Trailers🌋/BTB-9-2019-2.mov"; sourceTree = "<group>"; };
		70CDA5E8244B77DB0080B47C /* ServiceClientInfos.swift */ = {isa = PBXFileReference; lastKnownFileType = sourcecode.swift; path = ServiceClientInfos.swift; sourceTree = "<group>"; };
		70D4E45124608458002B2BE8 /* player2.swift */ = {isa = PBXFileReference; lastKnownFileType = sourcecode.swift; path = player2.swift; sourceTree = "<group>"; };
		70D9AC882423CDB9009B7EC3 /* PostStack.swift */ = {isa = PBXFileReference; lastKnownFileType = sourcecode.swift; name = PostStack.swift; path = ../../PostStack.swift; sourceTree = "<group>"; };
		70E599342472C6B600F84295 /* MeasurementValue.swift */ = {isa = PBXFileReference; lastKnownFileType = sourcecode.swift; path = MeasurementValue.swift; sourceTree = "<group>"; };
/* End PBXFileReference section */

/* Begin PBXFrameworksBuildPhase section */
		7019ABF42347E73F00F5EF15 /* Frameworks */ = {
			isa = PBXFrameworksBuildPhase;
			buildActionMask = 2147483647;
			files = (
			);
			runOnlyForDeploymentPostprocessing = 0;
		};
/* End PBXFrameworksBuildPhase section */

/* Begin PBXGroup section */
		7019ABEE2347E73F00F5EF15 = {
			isa = PBXGroup;
			children = (
				70B9B1832566C64E00317086 /* test-binding.swift */,
				70BB8199246D7EC500695F19 /* About_us.swift */,
				7019ABF92347E73F00F5EF15 /* fonrose-ecommerceV2 */,
				7019ABF82347E73F00F5EF15 /* Products */,
			);
			sourceTree = "<group>";
		};
		7019ABF82347E73F00F5EF15 /* Products */ = {
			isa = PBXGroup;
			children = (
				7019ABF72347E73F00F5EF15 /* fonrose-ecommerceV2.app */,
			);
			name = Products;
			sourceTree = "<group>";
		};
		7019ABF92347E73F00F5EF15 /* fonrose-ecommerceV2 */ = {
			isa = PBXGroup;
			children = (
				7019ABFA2347E73F00F5EF15 /* AppDelegate.swift */,
				703C28AE27E755BC00DE8B3B /* Binding-test1.swift */,
				7019ABFC2347E73F00F5EF15 /* SceneDelegate.swift */,
				704535812477BD85001F20A8 /* BigRootView.swift */,
				7031EF9827F04C34009CA3A2 /* Location */,
				7025B19024699EED00F43171 /* SandboxViews */,
				7025B18F24699EB400F43171 /* FinalizeOrderView */,
				70295CB924604E3A00BE8D33 /* ServiceClient */,
				704535832477BF03001F20A8 /* Model */,
				70BB608A245B2D1800F4CCDF /* Measurement */,
				701C83782365E502007AF339 /* MainViews */,
				7019AC032347E74100F5EF15 /* Assets.xcassets */,
				7019AC082347E74100F5EF15 /* LaunchScreen.storyboard */,
				7019AC0B2347E74100F5EF15 /* Info.plist */,
				7019ABFE2347E73F00F5EF15 /* fonrose_ecommerceV2.xcdatamodeld */,
				7019AC052347E74100F5EF15 /* Preview Content */,
			);
			path = "fonrose-ecommerceV2";
			sourceTree = "<group>";
		};
		7019AC052347E74100F5EF15 /* Preview Content */ = {
			isa = PBXGroup;
			children = (
				7019AC062347E74100F5EF15 /* Preview Assets.xcassets */,
			);
			path = "Preview Content";
			sourceTree = "<group>";
		};
		701C83782365E502007AF339 /* MainViews */ = {
			isa = PBXGroup;
			children = (
				701C837B23660B97007AF339 /* data.swift */,
				701C83702365DEB2007AF339 /* DressPictures.swift */,
				70D9AC882423CDB9009B7EC3 /* PostStack.swift */,
				701C83AE23672284007AF339 /* PostView.swift */,
				70AB2A49235CB2C3004856D7 /* homeFeed.swift */,
				700F201D242A647B00382533 /* TrailerPlayer.swift */,
				7053C99C2464420300DF1E0C /* LogInScreen.swift */,
				7045357B24770D84001F20A8 /* AboutUs.swift */,
			);
			path = MainViews;
			sourceTree = "<group>";
		};
		7025B18F24699EB400F43171 /* FinalizeOrderView */ = {
			isa = PBXGroup;
			children = (
				70B97A4A2467646100E5E1A3 /* RecapMensurations.swift */,
				708F28B024680AB4005BFE7C /* FinDeCommande.swift */,
				708F28AE246805A0005BFE7C /* PaymentScreen.swift */,
			);
			path = FinalizeOrderView;
			sourceTree = "<group>";
		};
		7025B19024699EED00F43171 /* SandboxViews */ = {
			isa = PBXGroup;
			children = (
				700D82982444D8C4001CFDDB /* IconButton.swift */,
				700D61EE2465699A00BCC632 /* CarouselViewTesf.swift */,
			);
			path = SandboxViews;
			sourceTree = "<group>";
		};
		70295CB924604E3A00BE8D33 /* ServiceClient */ = {
			isa = PBXGroup;
			children = (
				70C04B192482B3360024745C /* Views */,
				70C04B182482B3280024745C /* Model */,
			);
			path = ServiceClient;
			sourceTree = "<group>";
		};
		7031EF9827F04C34009CA3A2 /* Location */ = {
			isa = PBXGroup;
			children = (
				7031EF9627F04C27009CA3A2 /* LocationHome.swift */,
				7031EF9927F04C9E009CA3A2 /* LocationMapView.swift */,
				7031EF9B27F04E07009CA3A2 /* MapViewModel.swift */,
			);
			path = Location;
			sourceTree = "<group>";
		};
		704535832477BF03001F20A8 /* Model */ = {
			isa = PBXGroup;
			children = (
				70CB0994248262C600D9BC7D /* Assets */,
				70295CB7246049A800BE8D33 /* UserData.swift */,
				7045357F2477BB8F001F20A8 /* ViewEnum.swift */,
				7045357D2477BB29001F20A8 /* BigModel.swift */,
			);
			path = Model;
			sourceTree = "<group>";
		};
		70BB608A245B2D1800F4CCDF /* Measurement */ = {
			isa = PBXGroup;
			children = (
				701FE11424587AB600E91EFA /* MeasurementInfos.swift */,
				704D2197245B377500D0B13F /* SANDBOX_textField.swift */,
				701FE112245722E600E91EFA /* CarouselView.swift */,
				701F4C36245493CF009EB8B9 /* Mensurations.swift */,
				70D4E45124608458002B2BE8 /* player2.swift */,
				70E599342472C6B600F84295 /* MeasurementValue.swift */,
			);
			path = Measurement;
			sourceTree = "<group>";
		};
		70C04B182482B3280024745C /* Model */ = {
			isa = PBXGroup;
			children = (
				705ABCF2243F988100D47D6C /* dataSuivi.swift */,
				70C410BF247C6CD90059E0CF /* SuiviStatusEnum.swift */,
			);
			path = Model;
			sourceTree = "<group>";
		};
		70C04B192482B3360024745C /* Views */ = {
			isa = PBXGroup;
			children = (
				705ABCF0243F983900D47D6C /* SuiviDeCommande.swift */,
				70CDA5E8244B77DB0080B47C /* ServiceClientInfos.swift */,
			);
			path = Views;
			sourceTree = "<group>";
		};
		70CB0994248262C600D9BC7D /* Assets */ = {
			isa = PBXGroup;
			children = (
				70CB09992482631900D9BC7D /* COMMENT PRENDRE SES MESURES- pt2 🌶.mov */,
				70CB099B2482631900D9BC7D /* BTB-9-2019-2.mov */,
				70CB09962482631800D9BC7D /* COMMENT PRENDRE SES MESURES- pt2 🌶.mov */,
				70AB2A57235F2894004856D7 /* IMG_0247.mp4 */,
				70CB09982482631800D9BC7D /* COMMENT PRENDRE SES MESURES- pt2 🌶.mov */,
				70CB0995248262EA00D9BC7D /* BTB-9-2019-2.mov */,
			);
			path = Assets;
			sourceTree = "<group>";
		};
/* End PBXGroup section */

/* Begin PBXNativeTarget section */
		7019ABF62347E73F00F5EF15 /* fonrose-ecommerceV2 */ = {
			isa = PBXNativeTarget;
			buildConfigurationList = 7019AC0E2347E74100F5EF15 /* Build configuration list for PBXNativeTarget "fonrose-ecommerceV2" */;
			buildPhases = (
				7019ABF32347E73F00F5EF15 /* Sources */,
				7019ABF42347E73F00F5EF15 /* Frameworks */,
				7019ABF52347E73F00F5EF15 /* Resources */,
			);
			buildRules = (
			);
			dependencies = (
			);
			name = "fonrose-ecommerceV2";
			productName = "fonrose-ecommerceV2";
			productReference = 7019ABF72347E73F00F5EF15 /* fonrose-ecommerceV2.app */;
			productType = "com.apple.product-type.application";
		};
/* End PBXNativeTarget section */

/* Begin PBXProject section */
		7019ABEF2347E73F00F5EF15 /* Project object */ = {
			isa = PBXProject;
			attributes = {
				LastSwiftUpdateCheck = 1100;
				LastUpgradeCheck = 1100;
				ORGANIZATIONNAME = fonrose;
				TargetAttributes = {
					7019ABF62347E73F00F5EF15 = {
						CreatedOnToolsVersion = 11.0;
					};
				};
			};
			buildConfigurationList = 7019ABF22347E73F00F5EF15 /* Build configuration list for PBXProject "fonrose-ecommerceV2" */;
			compatibilityVersion = "Xcode 9.3";
			developmentRegion = en;
			hasScannedForEncodings = 0;
			knownRegions = (
				en,
				Base,
			);
			mainGroup = 7019ABEE2347E73F00F5EF15;
			productRefGroup = 7019ABF82347E73F00F5EF15 /* Products */;
			projectDirPath = "";
			projectRoot = "";
			targets = (
				7019ABF62347E73F00F5EF15 /* fonrose-ecommerceV2 */,
			);
		};
/* End PBXProject section */

/* Begin PBXResourcesBuildPhase section */
		7019ABF52347E73F00F5EF15 /* Resources */ = {
			isa = PBXResourcesBuildPhase;
			buildActionMask = 2147483647;
			files = (
				70AB2A5A235F2A3C004856D7 /* IMG_0247.mp4 in Resources */,
				7019AC0A2347E74100F5EF15 /* LaunchScreen.storyboard in Resources */,
				7019AC072347E74100F5EF15 /* Preview Assets.xcassets in Resources */,
				7019AC042347E74100F5EF15 /* Assets.xcassets in Resources */,
			);
			runOnlyForDeploymentPostprocessing = 0;
		};
/* End PBXResourcesBuildPhase section */

/* Begin PBXSourcesBuildPhase section */
		7019ABF32347E73F00F5EF15 /* Sources */ = {
			isa = PBXSourcesBuildPhase;
			buildActionMask = 2147483647;
			files = (
				708F28B124680AB4005BFE7C /* FinDeCommande.swift in Sources */,
				7031EF9727F04C27009CA3A2 /* LocationHome.swift in Sources */,
				701FE113245722E600E91EFA /* CarouselView.swift in Sources */,
				70CDA5E9244B77DB0080B47C /* ServiceClientInfos.swift in Sources */,
				70BB819A246D7EC500695F19 /* About_us.swift in Sources */,
				7045357E2477BB29001F20A8 /* BigModel.swift in Sources */,
				700F201E242A647B00382533 /* TrailerPlayer.swift in Sources */,
				7019ABFB2347E73F00F5EF15 /* AppDelegate.swift in Sources */,
				70C410C0247C6CD90059E0CF /* SuiviStatusEnum.swift in Sources */,
				704535802477BB8F001F20A8 /* ViewEnum.swift in Sources */,
				708F28AF246805A0005BFE7C /* PaymentScreen.swift in Sources */,
				70B97A4B2467646100E5E1A3 /* RecapMensurations.swift in Sources */,
				70B9B1842566C64E00317086 /* test-binding.swift in Sources */,
				701F4C37245493CF009EB8B9 /* Mensurations.swift in Sources */,
				701FE11524587AB600E91EFA /* MeasurementInfos.swift in Sources */,
				700D61EF2465699A00BCC632 /* CarouselViewTesf.swift in Sources */,
				701C83712365DEB2007AF339 /* DressPictures.swift in Sources */,
				7031EF9A27F04C9E009CA3A2 /* LocationMapView.swift in Sources */,
				70E599352472C6B600F84295 /* MeasurementValue.swift in Sources */,
				70D4E45224608458002B2BE8 /* player2.swift in Sources */,
				705ABCF1243F983900D47D6C /* SuiviDeCommande.swift in Sources */,
				700D82992444D8C4001CFDDB /* IconButton.swift in Sources */,
				70D9AC892423CDB9009B7EC3 /* PostStack.swift in Sources */,
				704D2198245B377500D0B13F /* SANDBOX_textField.swift in Sources */,
				705ABCF3243F988100D47D6C /* dataSuivi.swift in Sources */,
				7019ABFD2347E73F00F5EF15 /* SceneDelegate.swift in Sources */,
				701C837C23660B97007AF339 /* data.swift in Sources */,
				70295CB8246049A800BE8D33 /* UserData.swift in Sources */,
				70AB2A4A235CB2C3004856D7 /* homeFeed.swift in Sources */,
				701C83AF23672284007AF339 /* PostView.swift in Sources */,
				7019AC002347E73F00F5EF15 /* fonrose_ecommerceV2.xcdatamodeld in Sources */,
				704535822477BD85001F20A8 /* BigRootView.swift in Sources */,
				7053C99D2464420300DF1E0C /* LogInScreen.swift in Sources */,
				7045357C24770D84001F20A8 /* AboutUs.swift in Sources */,
				703C28AF27E755BC00DE8B3B /* Binding-test1.swift in Sources */,
				7031EF9C27F04E07009CA3A2 /* MapViewModel.swift in Sources */,
			);
			runOnlyForDeploymentPostprocessing = 0;
		};
/* End PBXSourcesBuildPhase section */

/* Begin PBXVariantGroup section */
		7019AC082347E74100F5EF15 /* LaunchScreen.storyboard */ = {
			isa = PBXVariantGroup;
			children = (
				7019AC092347E74100F5EF15 /* Base */,
			);
			name = LaunchScreen.storyboard;
			sourceTree = "<group>";
		};
/* End PBXVariantGroup section */

/* Begin XCBuildConfiguration section */
		7019AC0C2347E74100F5EF15 /* Debug */ = {
			isa = XCBuildConfiguration;
			buildSettings = {
				ALWAYS_SEARCH_USER_PATHS = NO;
				CLANG_ANALYZER_NONNULL = YES;
				CLANG_ANALYZER_NUMBER_OBJECT_CONVERSION = YES_AGGRESSIVE;
				CLANG_CXX_LANGUAGE_STANDARD = "gnu++14";
				CLANG_CXX_LIBRARY = "libc++";
				CLANG_ENABLE_MODULES = YES;
				CLANG_ENABLE_OBJC_ARC = YES;
				CLANG_ENABLE_OBJC_WEAK = YES;
				CLANG_WARN_BLOCK_CAPTURE_AUTORELEASING = YES;
				CLANG_WARN_BOOL_CONVERSION = YES;
				CLANG_WARN_COMMA = YES;
				CLANG_WARN_CONSTANT_CONVERSION = YES;
				CLANG_WARN_DEPRECATED_OBJC_IMPLEMENTATIONS = YES;
				CLANG_WARN_DIRECT_OBJC_ISA_USAGE = YES_ERROR;
				CLANG_WARN_DOCUMENTATION_COMMENTS = YES;
				CLANG_WARN_EMPTY_BODY = YES;
				CLANG_WARN_ENUM_CONVERSION = YES;
				CLANG_WARN_INFINITE_RECURSION = YES;
				CLANG_WARN_INT_CONVERSION = YES;
				CLANG_WARN_NON_LITERAL_NULL_CONVERSION = YES;
				CLANG_WARN_OBJC_IMPLICIT_RETAIN_SELF = YES;
				CLANG_WARN_OBJC_LITERAL_CONVERSION = YES;
				CLANG_WARN_OBJC_ROOT_CLASS = YES_ERROR;
				CLANG_WARN_RANGE_LOOP_ANALYSIS = YES;
				CLANG_WARN_STRICT_PROTOTYPES = YES;
				CLANG_WARN_SUSPICIOUS_MOVE = YES;
				CLANG_WARN_UNGUARDED_AVAILABILITY = YES_AGGRESSIVE;
				CLANG_WARN_UNREACHABLE_CODE = YES;
				CLANG_WARN__DUPLICATE_METHOD_MATCH = YES;
				COPY_PHASE_STRIP = NO;
				DEBUG_INFORMATION_FORMAT = dwarf;
				ENABLE_STRICT_OBJC_MSGSEND = YES;
				ENABLE_TESTABILITY = YES;
				GCC_C_LANGUAGE_STANDARD = gnu11;
				GCC_DYNAMIC_NO_PIC = NO;
				GCC_NO_COMMON_BLOCKS = YES;
				GCC_OPTIMIZATION_LEVEL = 0;
				GCC_PREPROCESSOR_DEFINITIONS = (
					"DEBUG=1",
					"$(inherited)",
				);
				GCC_WARN_64_TO_32_BIT_CONVERSION = YES;
				GCC_WARN_ABOUT_RETURN_TYPE = YES_ERROR;
				GCC_WARN_UNDECLARED_SELECTOR = YES;
				GCC_WARN_UNINITIALIZED_AUTOS = YES_AGGRESSIVE;
				GCC_WARN_UNUSED_FUNCTION = YES;
				GCC_WARN_UNUSED_VARIABLE = YES;
				IPHONEOS_DEPLOYMENT_TARGET = 13.0;
				MTL_ENABLE_DEBUG_INFO = INCLUDE_SOURCE;
				MTL_FAST_MATH = YES;
				ONLY_ACTIVE_ARCH = YES;
				SDKROOT = iphoneos;
				SWIFT_ACTIVE_COMPILATION_CONDITIONS = DEBUG;
				SWIFT_OPTIMIZATION_LEVEL = "-Onone";
			};
			name = Debug;
		};
		7019AC0D2347E74100F5EF15 /* Release */ = {
			isa = XCBuildConfiguration;
			buildSettings = {
				ALWAYS_SEARCH_USER_PATHS = NO;
				CLANG_ANALYZER_NONNULL = YES;
				CLANG_ANALYZER_NUMBER_OBJECT_CONVERSION = YES_AGGRESSIVE;
				CLANG_CXX_LANGUAGE_STANDARD = "gnu++14";
				CLANG_CXX_LIBRARY = "libc++";
				CLANG_ENABLE_MODULES = YES;
				CLANG_ENABLE_OBJC_ARC = YES;
				CLANG_ENABLE_OBJC_WEAK = YES;
				CLANG_WARN_BLOCK_CAPTURE_AUTORELEASING = YES;
				CLANG_WARN_BOOL_CONVERSION = YES;
				CLANG_WARN_COMMA = YES;
				CLANG_WARN_CONSTANT_CONVERSION = YES;
				CLANG_WARN_DEPRECATED_OBJC_IMPLEMENTATIONS = YES;
				CLANG_WARN_DIRECT_OBJC_ISA_USAGE = YES_ERROR;
				CLANG_WARN_DOCUMENTATION_COMMENTS = YES;
				CLANG_WARN_EMPTY_BODY = YES;
				CLANG_WARN_ENUM_CONVERSION = YES;
				CLANG_WARN_INFINITE_RECURSION = YES;
				CLANG_WARN_INT_CONVERSION = YES;
				CLANG_WARN_NON_LITERAL_NULL_CONVERSION = YES;
				CLANG_WARN_OBJC_IMPLICIT_RETAIN_SELF = YES;
				CLANG_WARN_OBJC_LITERAL_CONVERSION = YES;
				CLANG_WARN_OBJC_ROOT_CLASS = YES_ERROR;
				CLANG_WARN_RANGE_LOOP_ANALYSIS = YES;
				CLANG_WARN_STRICT_PROTOTYPES = YES;
				CLANG_WARN_SUSPICIOUS_MOVE = YES;
				CLANG_WARN_UNGUARDED_AVAILABILITY = YES_AGGRESSIVE;
				CLANG_WARN_UNREACHABLE_CODE = YES;
				CLANG_WARN__DUPLICATE_METHOD_MATCH = YES;
				COPY_PHASE_STRIP = NO;
				DEBUG_INFORMATION_FORMAT = "dwarf-with-dsym";
				ENABLE_NS_ASSERTIONS = NO;
				ENABLE_STRICT_OBJC_MSGSEND = YES;
				GCC_C_LANGUAGE_STANDARD = gnu11;
				GCC_NO_COMMON_BLOCKS = YES;
				GCC_WARN_64_TO_32_BIT_CONVERSION = YES;
				GCC_WARN_ABOUT_RETURN_TYPE = YES_ERROR;
				GCC_WARN_UNDECLARED_SELECTOR = YES;
				GCC_WARN_UNINITIALIZED_AUTOS = YES_AGGRESSIVE;
				GCC_WARN_UNUSED_FUNCTION = YES;
				GCC_WARN_UNUSED_VARIABLE = YES;
				IPHONEOS_DEPLOYMENT_TARGET = 13.0;
				MTL_ENABLE_DEBUG_INFO = NO;
				MTL_FAST_MATH = YES;
				SDKROOT = iphoneos;
				SWIFT_COMPILATION_MODE = wholemodule;
				SWIFT_OPTIMIZATION_LEVEL = "-O";
				VALIDATE_PRODUCT = YES;
			};
			name = Release;
		};
		7019AC0F2347E74100F5EF15 /* Debug */ = {
			isa = XCBuildConfiguration;
			buildSettings = {
				ASSETCATALOG_COMPILER_APPICON_NAME = AppIcon;
				CODE_SIGN_IDENTITY = "Apple Development";
				CODE_SIGN_STYLE = Automatic;
				DEVELOPMENT_ASSET_PATHS = "fonrose-ecommerceV2/Preview\\ Content";
				DEVELOPMENT_TEAM = 27DU3FB9N5;
				ENABLE_PREVIEWS = YES;
				INFOPLIST_FILE = "fonrose-ecommerceV2/Info.plist";
				IPHONEOS_DEPLOYMENT_TARGET = 13.2;
				LD_RUNPATH_SEARCH_PATHS = (
					"$(inherited)",
					"@executable_path/Frameworks",
				);
				PRODUCT_BUNDLE_IDENTIFIER = "com.fonrose.eglantine.sandbox.swiftui.firstappeg.fonrose-ecommerceV2";
				PRODUCT_NAME = "$(TARGET_NAME)";
				PROVISIONING_PROFILE_SPECIFIER = "";
				SWIFT_VERSION = 5.0;
				TARGETED_DEVICE_FAMILY = 1;
			};
			name = Debug;
		};
		7019AC102347E74100F5EF15 /* Release */ = {
			isa = XCBuildConfiguration;
			buildSettings = {
				ASSETCATALOG_COMPILER_APPICON_NAME = AppIcon;
				CODE_SIGN_IDENTITY = "Apple Development";
				CODE_SIGN_STYLE = Automatic;
				DEVELOPMENT_ASSET_PATHS = "fonrose-ecommerceV2/Preview\\ Content";
				DEVELOPMENT_TEAM = 27DU3FB9N5;
				ENABLE_PREVIEWS = YES;
				INFOPLIST_FILE = "fonrose-ecommerceV2/Info.plist";
				IPHONEOS_DEPLOYMENT_TARGET = 13.2;
				LD_RUNPATH_SEARCH_PATHS = (
					"$(inherited)",
					"@executable_path/Frameworks",
				);
				PRODUCT_BUNDLE_IDENTIFIER = "com.fonrose.eglantine.sandbox.swiftui.firstappeg.fonrose-ecommerceV2";
				PRODUCT_NAME = "$(TARGET_NAME)";
				PROVISIONING_PROFILE_SPECIFIER = "";
				SWIFT_VERSION = 5.0;
				TARGETED_DEVICE_FAMILY = 1;
			};
			name = Release;
		};
/* End XCBuildConfiguration section */

/* Begin XCConfigurationList section */
		7019ABF22347E73F00F5EF15 /* Build configuration list for PBXProject "fonrose-ecommerceV2" */ = {
			isa = XCConfigurationList;
			buildConfigurations = (
				7019AC0C2347E74100F5EF15 /* Debug */,
				7019AC0D2347E74100F5EF15 /* Release */,
			);
			defaultConfigurationIsVisible = 0;
			defaultConfigurationName = Release;
		};
		7019AC0E2347E74100F5EF15 /* Build configuration list for PBXNativeTarget "fonrose-ecommerceV2" */ = {
			isa = XCConfigurationList;
			buildConfigurations = (
				7019AC0F2347E74100F5EF15 /* Debug */,
				7019AC102347E74100F5EF15 /* Release */,
			);
			defaultConfigurationIsVisible = 0;
			defaultConfigurationName = Release;
		};
/* End XCConfigurationList section */

/* Begin XCVersionGroup section */
		7019ABFE2347E73F00F5EF15 /* fonrose_ecommerceV2.xcdatamodeld */ = {
			isa = XCVersionGroup;
			children = (
				7019ABFF2347E73F00F5EF15 /* fonrose_ecommerceV2.xcdatamodel */,
			);
			currentVersion = 7019ABFF2347E73F00F5EF15 /* fonrose_ecommerceV2.xcdatamodel */;
			path = fonrose_ecommerceV2.xcdatamodeld;
			sourceTree = "<group>";
			versionGroupType = wrapper.xcdatamodel;
		};
/* End XCVersionGroup section */
	};
	rootObject = 7019ABEF2347E73F00F5EF15 /* Project object */;
}
